{
  "name": "@quix/quang-map",
  "version": "12.5.0-beta.1",
  "lockfileVersion": 1,
  "requires": true,
  "dependencies": {
    "@angular/core": {
      "version": "12.2.4",
      "resolved": "https://maven.quix.it/nexus/repository/npm-group/@angular/core/-/core-12.2.4.tgz",
      "integrity": "sha512-+TlS6vI56YkvUoQI/Er7kXzi5sjd/oayb8+iTnecX1u0UOpBYzcE8NLeHqSS9qPUjWSiw0JjgW07gdzxlye3aQ==",
      "dev": true,
      "requires": {
        "tslib": "^2.2.0"
      }
    },
    "@mapbox/jsonlint-lines-primitives": {
      "version": "2.0.2",
      "resolved": "https://maven.quix.it/nexus/repository/npm-group/@mapbox/jsonlint-lines-primitives/-/jsonlint-lines-primitives-2.0.2.tgz",
      "integrity": "sha1-zlblOfg1UrWNENZy6k1vya3HsjQ=",
      "dev": true
    },
    "@mapbox/mapbox-gl-style-spec": {
      "version": "13.21.0",
      "resolved": "https://maven.quix.it/nexus/repository/npm-group/@mapbox/mapbox-gl-style-spec/-/mapbox-gl-style-spec-13.21.0.tgz",
      "integrity": "sha512-qGRAZEHQfhjknjd9eCsNmKclXG5zK62DRdbgUiqAnrdkjjXrFNbs0KFaeyY8RzbdXzKRkwge6nqeKJfjYoD3vw==",
      "dev": true,
      "requires": {
        "@mapbox/jsonlint-lines-primitives": "~2.0.2",
        "@mapbox/point-geometry": "^0.1.0",
        "@mapbox/unitbezier": "^0.0.0",
        "csscolorparser": "~1.0.2",
        "json-stringify-pretty-compact": "^2.0.0",
        "minimist": "^1.2.5",
        "rw": "^1.3.3",
        "sort-object": "^0.3.2"
      }
    },
    "@mapbox/point-geometry": {
      "version": "0.1.0",
      "resolved": "https://maven.quix.it/nexus/repository/npm-group/@mapbox/point-geometry/-/point-geometry-0.1.0.tgz",
      "integrity": "sha1-ioP5M1x4YO/6Lu7KJUMyqgru2PI=",
      "dev": true
    },
    "@mapbox/unitbezier": {
      "version": "0.0.0",
      "resolved": "https://maven.quix.it/nexus/repository/npm-group/@mapbox/unitbezier/-/unitbezier-0.0.0.tgz",
      "integrity": "sha1-FWUb1VOme4WB+zmIEMmK2Go0Uk4=",
      "dev": true
    },
    "@types/arcgis-rest-api": {
      "version": "10.4.5",
      "resolved": "https://maven.quix.it/nexus/repository/npm-group/@types/arcgis-rest-api/-/arcgis-rest-api-10.4.5.tgz",
      "integrity": "sha512-MhpTj3aaURIFhK6pBRF50yCHW5TpbeuC1E81juovfNesSOshsQnCzludhpBhIr2pNzplTBlfzrT7RKiLZ5F3Tw==",
      "dev": true
    },
    "@types/geojson": {
      "version": "7946.0.8",
      "resolved": "https://maven.quix.it/nexus/repository/npm-group/@types/geojson/-/geojson-7946.0.8.tgz",
      "integrity": "sha512-1rkryxURpr6aWP7R786/UQOkJ3PcpQiWkAXBmdWc7ryFWqN6a4xfK7BtjXvFBKO9LjQ+MWQSWxYeZX1OApnArA==",
      "dev": true
    },
    "@types/google.maps": {
      "version": "3.45.6",
      "resolved": "https://maven.quix.it/nexus/repository/npm-group/@types/google.maps/-/google.maps-3.45.6.tgz",
      "integrity": "sha512-BzGzxs8UXFxeP8uN/0nRgGbsbpYQxSCKsv/7S8OitU7wwhfFcqQSm5aAcL1nbwueMiJ/VVmIZKPq69s0kX5W+Q==",
      "dev": true
    },
    "@types/googlemaps": {
      "version": "3.43.3",
      "resolved": "https://maven.quix.it/nexus/repository/npm-group/@types/googlemaps/-/googlemaps-3.43.3.tgz",
      "integrity": "sha512-ZWNoz/O8MPEpiajvj7QiqCY8tTLFNqNZ/a+s+zTV58wFVNAvvqV4bdGfnsjTb5Cs4V6wEsLrX8XRhmnyYJ2Tdg==",
      "dev": true
    },
    "@types/ol": {
      "version": "6.5.3",
      "resolved": "https://maven.quix.it/nexus/repository/npm-group/@types/ol/-/ol-6.5.3.tgz",
      "integrity": "sha512-C0Sm5dytTfRxztYFMuWq0IBJYfMffPF4GzXI/s4ZyJlNZ8AAdS+9fW0iGOyYkTb3ZQmfYWYdAzMqwGXfHVw+3A==",
      "dev": true,
      "requires": {
        "@types/arcgis-rest-api": "*",
        "@types/geojson": "*",
        "@types/rbush": "*",
        "@types/topojson-specification": "*"
      }
    },
    "@types/rbush": {
      "version": "3.0.0",
      "resolved": "https://maven.quix.it/nexus/repository/npm-group/@types/rbush/-/rbush-3.0.0.tgz",
      "integrity": "sha512-W3ue/GYWXBOpkRm0VSoifrP3HV0Ni47aVJWvXyWMcbtpBy/l/K/smBRiJ+fI8f7shXRjZBiux+iJzYbh7VmcZg==",
      "dev": true
    },
    "@types/topojson-specification": {
      "version": "1.0.2",
      "resolved": "https://maven.quix.it/nexus/repository/npm-group/@types/topojson-specification/-/topojson-specification-1.0.2.tgz",
      "integrity": "sha512-SGc1NdX9g3UGDp6S+p+uyG+Z8CehS51sUJ9bejA25Xgn2kkAguILk6J9nxXK+0M/mbTBN7ypMA7+4HVLNMJ8ag==",
      "dev": true,
      "requires": {
        "@types/geojson": "*"
      }
    },
    "csscolorparser": {
      "version": "1.0.3",
      "resolved": "https://maven.quix.it/nexus/repository/npm-group/csscolorparser/-/csscolorparser-1.0.3.tgz",
      "integrity": "sha1-s085HupNqPPpgjHizNjfnAQfFxs=",
      "dev": true
    },
    "ieee754": {
      "version": "1.2.1",
      "resolved": "https://maven.quix.it/nexus/repository/npm-group/ieee754/-/ieee754-1.2.1.tgz",
      "integrity": "sha512-dcyqhDvX1C46lXZcVqCpK+FtMRQVdIMN6/Df5js2zouUsqG7I6sFxitIC+7KYK29KdXOLHdu9zL4sFnoVQnqaA==",
      "dev": true
    },
    "json-stringify-pretty-compact": {
      "version": "2.0.0",
      "resolved": "https://maven.quix.it/nexus/repository/npm-group/json-stringify-pretty-compact/-/json-stringify-pretty-compact-2.0.0.tgz",
      "integrity": "sha512-WRitRfs6BGq4q8gTgOy4ek7iPFXjbra0H3PmDLKm2xnZ+Gh1HUhiKGgCZkSPNULlP7mvfu6FV/mOLhCarspADQ==",
      "dev": true
    },
    "mapbox-to-css-font": {
      "version": "2.4.0",
      "resolved": "https://maven.quix.it/nexus/repository/npm-group/mapbox-to-css-font/-/mapbox-to-css-font-2.4.0.tgz",
      "integrity": "sha512-v674D0WtpxCXlA6E+sBlG1QJWdUkz/s9qAD91bJSXBGuBL5lL4tJXpoJEftecphCh2SVQCjWMS2vhylc3AIQTg==",
      "dev": true
    },
    "minimist": {
      "version": "1.2.5",
      "resolved": "https://maven.quix.it/nexus/repository/npm-group/minimist/-/minimist-1.2.5.tgz",
      "integrity": "sha512-FM9nNUYrRBAELZQT3xeZQ7fmMOBg6nWNmJKTcgsJeaLstP/UODVpGsr5OhXhhXg6f+qtJ8uiZ+PUxkDWcgIXLw==",
      "dev": true
    },
    "ol": {
      "version": "6.6.1",
      "resolved": "https://maven.quix.it/nexus/repository/npm-group/ol/-/ol-6.6.1.tgz",
      "integrity": "sha512-QHNth7ty7UAPi5oEL5N5rJB/cgdFGAAzigYEM8LTUKCq/StTOTWDf2fFrom3wQVmsr1etf6i6hTBowtY/LiGgg==",
      "dev": true,
      "requires": {
        "ol-mapbox-style": "^6.4.1",
        "pbf": "3.2.1",
        "rbush": "^3.0.1"
      }
    },
    "ol-mapbox-style": {
      "version": "6.4.2",
      "resolved": "https://maven.quix.it/nexus/repository/npm-group/ol-mapbox-style/-/ol-mapbox-style-6.4.2.tgz",
      "integrity": "sha512-iQyl5zBC1UiZIB7t4/7NpQruNS2Sk30jKecZuzyTFOksqRSrjVVkPaVmnUOrMAao0bWcOCrcb2zBTb+DQVMfAw==",
      "dev": true,
      "requires": {
        "@mapbox/mapbox-gl-style-spec": "^13.20.1",
        "mapbox-to-css-font": "^2.4.0",
        "webfont-matcher": "^1.1.0"
      }
    },
    "pbf": {
      "version": "3.2.1",
      "resolved": "https://maven.quix.it/nexus/repository/npm-group/pbf/-/pbf-3.2.1.tgz",
      "integrity": "sha512-ClrV7pNOn7rtmoQVF4TS1vyU0WhYRnP92fzbfF75jAIwpnzdJXf8iTd4CMEqO4yUenH6NDqLiwjqlh6QgZzgLQ==",
      "dev": true,
      "requires": {
        "ieee754": "^1.1.12",
        "resolve-protobuf-schema": "^2.1.0"
      }
    },
    "protocol-buffers-schema": {
      "version": "3.5.2",
      "resolved": "https://maven.quix.it/nexus/repository/npm-group/protocol-buffers-schema/-/protocol-buffers-schema-3.5.2.tgz",
      "integrity": "sha512-LPzSaBYp/TcbuSlpGwqT5jR9kvJ3Zp5ic2N5c2ybx6XB/lSfEHq2D7ja8AgoxHoMD91wXFALJoXsvshKPuXyew==",
      "dev": true
    },
    "quickselect": {
      "version": "2.0.0",
      "resolved": "https://maven.quix.it/nexus/repository/npm-group/quickselect/-/quickselect-2.0.0.tgz",
      "integrity": "sha512-RKJ22hX8mHe3Y6wH/N3wCM6BWtjaxIyyUIkpHOvfFnxdI4yD4tBXEBKSbriGujF6jnSVkJrffuo6vxACiSSxIw==",
      "dev": true
    },
    "rbush": {
      "version": "3.0.1",
      "resolved": "https://maven.quix.it/nexus/repository/npm-group/rbush/-/rbush-3.0.1.tgz",
      "integrity": "sha512-XRaVO0YecOpEuIvbhbpTrZgoiI6xBlz6hnlr6EHhd+0x9ase6EmeN+hdwwUaJvLcsFFQ8iWVF1GAK1yB0BWi0w==",
      "dev": true,
      "requires": {
        "quickselect": "^2.0.0"
      }
    },
    "resolve-protobuf-schema": {
      "version": "2.1.0",
      "resolved": "https://maven.quix.it/nexus/repository/npm-group/resolve-protobuf-schema/-/resolve-protobuf-schema-2.1.0.tgz",
      "integrity": "sha512-kI5ffTiZWmJaS/huM8wZfEMer1eRd7oJQhDuxeCLe3t7N7mX3z94CN0xPxBQxFYQTSNz9T0i+v6inKqSdK8xrQ==",
      "dev": true,
      "requires": {
        "protocol-buffers-schema": "^3.3.1"
      }
    },
    "rw": {
      "version": "1.3.3",
      "resolved": "https://maven.quix.it/nexus/repository/npm-group/rw/-/rw-1.3.3.tgz",
      "integrity": "sha1-P4Yt+pGrdmsUiF700BEkv9oHT7Q=",
      "dev": true
    },
    "sort-asc": {
      "version": "0.1.0",
      "resolved": "https://maven.quix.it/nexus/repository/npm-group/sort-asc/-/sort-asc-0.1.0.tgz",
      "integrity": "sha1-q3md9h/HPqCVbHnEtTHtHp53J+k=",
      "dev": true
    },
    "sort-desc": {
      "version": "0.1.1",
      "resolved": "https://maven.quix.it/nexus/repository/npm-group/sort-desc/-/sort-desc-0.1.1.tgz",
      "integrity": "sha1-GYuMDN6wlcRjNBhh45JdTuNZqe4=",
      "dev": true
    },
    "sort-object": {
      "version": "0.3.2",
      "resolved": "https://maven.quix.it/nexus/repository/npm-group/sort-object/-/sort-object-0.3.2.tgz",
      "integrity": "sha1-mODRme3kDgfGGoRAPGHWw7KQ+eI=",
      "dev": true,
      "requires": {
        "sort-asc": "^0.1.0",
        "sort-desc": "^0.1.1"
      }
    },
    "tslib": {
      "version": "2.3.1",
      "resolved": "https://maven.quix.it/nexus/repository/npm-group/tslib/-/tslib-2.3.1.tgz",
      "integrity": "sha512-77EbyPPpMz+FRFRuAFlWMtmgUWGe9UOG2Z25NqCwiIjRhOf5iKGuzSe5P2w1laq+FkRy4p+PCuVkJSGkzTEKVw==",
      "dev": true
    },
    "webfont-matcher": {
      "version": "1.1.0",
      "resolved": "https://maven.quix.it/nexus/repository/npm-group/webfont-matcher/-/webfont-matcher-1.1.0.tgz",
      "integrity": "sha1-mM6VCXsp4x++czBT4Q5XFkLRxsc=",
      "dev": true
    }
  }
}
