{
  "name": "@quix/quang-event",
  "version": "12.7.2-beta.0",
  "lockfileVersion": 1,
  "requires": true,
  "dependencies": {
    "@types/sockjs-client": {
      "version": "1.5.1",
      "resolved": "https://maven.quix.it/nexus/repository/npm-group/@types/sockjs-client/-/sockjs-client-1.5.1.tgz",
      "integrity": "sha512-bmZM6A1GPdjF0bcuIUC+50hZEMGkzMsiG9by6X9U+7IZFOiPtz7MJ9h05FSpPVxlj4i+TzzoG3ESo1FJlbLb6A==",
      "dev": true
    },
    "@types/vertx3-eventbus-client": {
      "version": "3.5.1",
      "resolved": "https://maven.quix.it/nexus/repository/npm-group/@types/vertx3-eventbus-client/-/vertx3-eventbus-client-3.5.1.tgz",
      "integrity": "sha512-1LBOAuR1u43swuUNlnQVMST3NnbmfPWqzrkkhn4VlmeYG4iXYAPs6f0ENPAgEs5me10QiHWwgaUGM/HNFMZUlQ==",
      "dev": true
    }
  }
}
